
Microsoft Visual Studio Solution File, Format Version 12.00
# Visual Studio Version 16
VisualStudioVersion = 16.0.31624.102
MinimumVisualStudioVersion = 10.0.40219.1
Project("{2150E333-8FDC-42A3-9474-1A3956D46DE8}") = "Api", "Api", "{AF0A2724-F25D-49F1-96B4-467D04ADFDB5}"
EndProject
Project("{2150E333-8FDC-42A3-9474-1A3956D46DE8}") = "App", "App", "{12DA0440-DC37-40CC-829A-F292C3D8AB13}"
EndProject
Project("{FAE04EC0-301F-11D3-BF4B-00C04F79EFBC}") = "JobSearchAPI", "JobSearchAPI\JobSearchAPI.csproj", "{11421110-4D97-4205-BC31-F420A452B00B}"
EndProject
Project("{FAE04EC0-301F-11D3-BF4B-00C04F79EFBC}") = "JobSearchApp.UWP", "JobSearchApp\JobSearchApp.UWP\JobSearchApp.UWP.csproj", "{B4D65D61-086E-4F60-9A2C-651162DE1C7E}"
EndProject
Project("{FAE04EC0-301F-11D3-BF4B-00C04F79EFBC}") = "JobSearchApp.Android", "JobSearchApp\JobSearchApp.Android\JobSearchApp.Android.csproj", "{08758913-4825-4EB5-A583-EA7933ED52A3}"
EndProject
Project("{FAE04EC0-301F-11D3-BF4B-00C04F79EFBC}") = "JobSearchApp.iOS", "JobSearchApp\JobSearchApp.iOS\JobSearchApp.iOS.csproj", "{8442E945-BD09-47F8-B5B1-709F3735BCAA}"
EndProject
Project("{FAE04EC0-301F-11D3-BF4B-00C04F79EFBC}") = "JobSearchApp", "JobSearchApp\JobSearchApp\JobSearchApp.csproj", "{A5AF4F59-45D0-4C58-9E85-DEE44D4A7758}"
EndProject
Project("{2150E333-8FDC-42A3-9474-1A3956D46DE8}") = "Domain", "Domain", "{F6BAAB3A-AD00-4A97-B6D9-BB4E79AB609B}"
EndProject
Project("{FAE04EC0-301F-11D3-BF4B-00C04F79EFBC}") = "JobSearch.domain", "JobSearch.domain\JobSearch.domain.csproj", "{E24C66A7-F078-4875-8F90-D5AF05BEB9A1}"
EndProject
Global
	GlobalSection(SolutionConfigurationPlatforms) = preSolution
		Debug|Any CPU = Debug|Any CPU
		Debug|ARM = Debug|ARM
		Debug|iPhone = Debug|iPhone
		Debug|iPhoneSimulator = Debug|iPhoneSimulator
		Debug|x64 = Debug|x64
		Debug|x86 = Debug|x86
		Release|Any CPU = Release|Any CPU
		Release|ARM = Release|ARM
		Release|iPhone = Release|iPhone
		Release|iPhoneSimulator = Release|iPhoneSimulator
		Release|x64 = Release|x64
		Release|x86 = Release|x86
	EndGlobalSection
	GlobalSection(ProjectConfigurationPlatforms) = postSolution
		{11421110-4D97-4205-BC31-F420A452B00B}.Debug|Any CPU.ActiveCfg = Debug|Any CPU
		{11421110-4D97-4205-BC31-F420A452B00B}.Debug|Any CPU.Build.0 = Debug|Any CPU
		{11421110-4D97-4205-BC31-F420A452B00B}.Debug|ARM.ActiveCfg = Debug|Any CPU
		{11421110-4D97-4205-BC31-F420A452B00B}.Debug|ARM.Build.0 = Debug|Any CPU
		{11421110-4D97-4205-BC31-F420A452B00B}.Debug|iPhone.ActiveCfg = Debug|Any CPU
		{11421110-4D97-4205-BC31-F420A452B00B}.Debug|iPhone.Build.0 = Debug|Any CPU
		{11421110-4D97-4205-BC31-F420A452B00B}.Debug|iPhoneSimulator.ActiveCfg = Debug|Any CPU
		{11421110-4D97-4205-BC31-F420A452B00B}.Debug|iPhoneSimulator.Build.0 = Debug|Any CPU
		{11421110-4D97-4205-BC31-F420A452B00B}.Debug|x64.ActiveCfg = Debug|Any CPU
		{11421110-4D97-4205-BC31-F420A452B00B}.Debug|x64.Build.0 = Debug|Any CPU
		{11421110-4D97-4205-BC31-F420A452B00B}.Debug|x86.ActiveCfg = Debug|Any CPU
		{11421110-4D97-4205-BC31-F420A452B00B}.Debug|x86.Build.0 = Debug|Any CPU
		{11421110-4D97-4205-BC31-F420A452B00B}.Release|Any CPU.ActiveCfg = Release|Any CPU
		{11421110-4D97-4205-BC31-F420A452B00B}.Release|Any CPU.Build.0 = Release|Any CPU
		{11421110-4D97-4205-BC31-F420A452B00B}.Release|ARM.ActiveCfg = Release|Any CPU
		{11421110-4D97-4205-BC31-F420A452B00B}.Release|ARM.Build.0 = Release|Any CPU
		{11421110-4D97-4205-BC31-F420A452B00B}.Release|iPhone.ActiveCfg = Release|Any CPU
		{11421110-4D97-4205-BC31-F420A452B00B}.Release|iPhone.Build.0 = Release|Any CPU
		{11421110-4D97-4205-BC31-F420A452B00B}.Release|iPhoneSimulator.ActiveCfg = Release|Any CPU
		{11421110-4D97-4205-BC31-F420A452B00B}.Release|iPhoneSimulator.Build.0 = Release|Any CPU
		{11421110-4D97-4205-BC31-F420A452B00B}.Release|x64.ActiveCfg = Release|Any CPU
		{11421110-4D97-4205-BC31-F420A452B00B}.Release|x64.Build.0 = Release|Any CPU
		{11421110-4D97-4205-BC31-F420A452B00B}.Release|x86.ActiveCfg = Release|Any CPU
		{11421110-4D97-4205-BC31-F420A452B00B}.Release|x86.Build.0 = Release|Any CPU
		{B4D65D61-086E-4F60-9A2C-651162DE1C7E}.Debug|Any CPU.ActiveCfg = Debug|x86
		{B4D65D61-086E-4F60-9A2C-651162DE1C7E}.Debug|ARM.ActiveCfg = Debug|ARM
		{B4D65D61-086E-4F60-9A2C-651162DE1C7E}.Debug|ARM.Build.0 = Debug|ARM
		{B4D65D61-086E-4F60-9A2C-651162DE1C7E}.Debug|ARM.Deploy.0 = Debug|ARM
		{B4D65D61-086E-4F60-9A2C-651162DE1C7E}.Debug|iPhone.ActiveCfg = Debug|x86
		{B4D65D61-086E-4F60-9A2C-651162DE1C7E}.Debug|iPhoneSimulator.ActiveCfg = Debug|x86
		{B4D65D61-086E-4F60-9A2C-651162DE1C7E}.Debug|x64.ActiveCfg = Debug|x64
		{B4D65D61-086E-4F60-9A2C-651162DE1C7E}.Debug|x64.Build.0 = Debug|x64
		{B4D65D61-086E-4F60-9A2C-651162DE1C7E}.Debug|x64.Deploy.0 = Debug|x64
		{B4D65D61-086E-4F60-9A2C-651162DE1C7E}.Debug|x86.ActiveCfg = Debug|x86
		{B4D65D61-086E-4F60-9A2C-651162DE1C7E}.Debug|x86.Build.0 = Debug|x86
		{B4D65D61-086E-4F60-9A2C-651162DE1C7E}.Debug|x86.Deploy.0 = Debug|x86
		{B4D65D61-086E-4F60-9A2C-651162DE1C7E}.Release|Any CPU.ActiveCfg = Release|x86
		{B4D65D61-086E-4F60-9A2C-651162DE1C7E}.Release|ARM.ActiveCfg = Release|ARM
		{B4D65D61-086E-4F60-9A2C-651162DE1C7E}.Release|ARM.Build.0 = Release|ARM
		{B4D65D61-086E-4F60-9A2C-651162DE1C7E}.Release|ARM.Deploy.0 = Release|ARM
		{B4D65D61-086E-4F60-9A2C-651162DE1C7E}.Release|iPhone.ActiveCfg = Release|x86
		{B4D65D61-086E-4F60-9A2C-651162DE1C7E}.Release|iPhoneSimulator.ActiveCfg = Release|x86
		{B4D65D61-086E-4F60-9A2C-651162DE1C7E}.Release|x64.ActiveCfg = Release|x64
		{B4D65D61-086E-4F60-9A2C-651162DE1C7E}.Release|x64.Build.0 = Release|x64
		{B4D65D61-086E-4F60-9A2C-651162DE1C7E}.Release|x64.Deploy.0 = Release|x64
		{B4D65D61-086E-4F60-9A2C-651162DE1C7E}.Release|x86.ActiveCfg = Release|x86
		{B4D65D61-086E-4F60-9A2C-651162DE1C7E}.Release|x86.Build.0 = Release|x86
		{B4D65D61-086E-4F60-9A2C-651162DE1C7E}.Release|x86.Deploy.0 = Release|x86
		{08758913-4825-4EB5-A583-EA7933ED52A3}.Debug|Any CPU.ActiveCfg = Debug|Any CPU
		{08758913-4825-4EB5-A583-EA7933ED52A3}.Debug|Any CPU.Build.0 = Debug|Any CPU
		{08758913-4825-4EB5-A583-EA7933ED52A3}.Debug|Any CPU.Deploy.0 = Debug|Any CPU
		{08758913-4825-4EB5-A583-EA7933ED52A3}.Debug|ARM.ActiveCfg = Debug|Any CPU
		{08758913-4825-4EB5-A583-EA7933ED52A3}.Debug|ARM.Build.0 = Debug|Any CPU
		{08758913-4825-4EB5-A583-EA7933ED52A3}.Debug|ARM.Deploy.0 = Debug|Any CPU
		{08758913-4825-4EB5-A583-EA7933ED52A3}.Debug|iPhone.ActiveCfg = Debug|Any CPU
		{08758913-4825-4EB5-A583-EA7933ED52A3}.Debug|iPhone.Build.0 = Debug|Any CPU
		{08758913-4825-4EB5-A583-EA7933ED52A3}.Debug|iPhone.Deploy.0 = Debug|Any CPU
		{08758913-4825-4EB5-A583-EA7933ED52A3}.Debug|iPhoneSimulator.ActiveCfg = Debug|Any CPU
		{08758913-4825-4EB5-A583-EA7933ED52A3}.Debug|iPhoneSimulator.Build.0 = Debug|Any CPU
		{08758913-4825-4EB5-A583-EA7933ED52A3}.Debug|iPhoneSimulator.Deploy.0 = Debug|Any CPU
		{08758913-4825-4EB5-A583-EA7933ED52A3}.Debug|x64.ActiveCfg = Debug|Any CPU
		{08758913-4825-4EB5-A583-EA7933ED52A3}.Debug|x64.Build.0 = Debug|Any CPU
		{08758913-4825-4EB5-A583-EA7933ED52A3}.Debug|x64.Deploy.0 = Debug|Any CPU
		{08758913-4825-4EB5-A583-EA7933ED52A3}.Debug|x86.ActiveCfg = Debug|Any CPU
		{08758913-4825-4EB5-A583-EA7933ED52A3}.Debug|x86.Build.0 = Debug|Any CPU
		{08758913-4825-4EB5-A583-EA7933ED52A3}.Debug|x86.Deploy.0 = Debug|Any CPU
		{08758913-4825-4EB5-A583-EA7933ED52A3}.Release|Any CPU.ActiveCfg = Release|Any CPU
		{08758913-4825-4EB5-A583-EA7933ED52A3}.Release|Any CPU.Build.0 = Release|Any CPU
		{08758913-4825-4EB5-A583-EA7933ED52A3}.Release|Any CPU.Deploy.0 = Release|Any CPU
		{08758913-4825-4EB5-A583-EA7933ED52A3}.Release|ARM.ActiveCfg = Release|Any CPU
		{08758913-4825-4EB5-A583-EA7933ED52A3}.Release|ARM.Build.0 = Release|Any CPU
		{08758913-4825-4EB5-A583-EA7933ED52A3}.Release|ARM.Deploy.0 = Release|Any CPU
		{08758913-4825-4EB5-A583-EA7933ED52A3}.Release|iPhone.ActiveCfg = Release|Any CPU
		{08758913-4825-4EB5-A583-EA7933ED52A3}.Release|iPhone.Build.0 = Release|Any CPU
		{08758913-4825-4EB5-A583-EA7933ED52A3}.Release|iPhone.Deploy.0 = Release|Any CPU
		{08758913-4825-4EB5-A583-EA7933ED52A3}.Release|iPhoneSimulator.ActiveCfg = Release|Any CPU
		{08758913-4825-4EB5-A583-EA7933ED52A3}.Release|iPhoneSimulator.Build.0 = Release|Any CPU
		{08758913-4825-4EB5-A583-EA7933ED52A3}.Release|iPhoneSimulator.Deploy.0 = Release|Any CPU
		{08758913-4825-4EB5-A583-EA7933ED52A3}.Release|x64.ActiveCfg = Release|Any CPU
		{08758913-4825-4EB5-A583-EA7933ED52A3}.Release|x64.Build.0 = Release|Any CPU
		{08758913-4825-4EB5-A583-EA7933ED52A3}.Release|x64.Deploy.0 = Release|Any CPU
		{08758913-4825-4EB5-A583-EA7933ED52A3}.Release|x86.ActiveCfg = Release|Any CPU
		{08758913-4825-4EB5-A583-EA7933ED52A3}.Release|x86.Build.0 = Release|Any CPU
		{08758913-4825-4EB5-A583-EA7933ED52A3}.Release|x86.Deploy.0 = Release|Any CPU
		{8442E945-BD09-47F8-B5B1-709F3735BCAA}.Debug|Any CPU.ActiveCfg = Debug|iPhoneSimulator
		{8442E945-BD09-47F8-B5B1-709F3735BCAA}.Debug|ARM.ActiveCfg = Debug|iPhoneSimulator
		{8442E945-BD09-47F8-B5B1-709F3735BCAA}.Debug|iPhone.ActiveCfg = Debug|iPhone
		{8442E945-BD09-47F8-B5B1-709F3735BCAA}.Debug|iPhone.Build.0 = Debug|iPhone
		{8442E945-BD09-47F8-B5B1-709F3735BCAA}.Debug|iPhoneSimulator.ActiveCfg = Debug|iPhoneSimulator
		{8442E945-BD09-47F8-B5B1-709F3735BCAA}.Debug|iPhoneSimulator.Build.0 = Debug|iPhoneSimulator
		{8442E945-BD09-47F8-B5B1-709F3735BCAA}.Debug|x64.ActiveCfg = Debug|iPhoneSimulator
		{8442E945-BD09-47F8-B5B1-709F3735BCAA}.Debug|x86.ActiveCfg = Debug|iPhoneSimulator
		{8442E945-BD09-47F8-B5B1-709F3735BCAA}.Release|Any CPU.ActiveCfg = Release|iPhoneSimulator
		{8442E945-BD09-47F8-B5B1-709F3735BCAA}.Release|ARM.ActiveCfg = Release|iPhoneSimulator
		{8442E945-BD09-47F8-B5B1-709F3735BCAA}.Release|iPhone.ActiveCfg = Release|iPhone
		{8442E945-BD09-47F8-B5B1-709F3735BCAA}.Release|iPhone.Build.0 = Release|iPhone
		{8442E945-BD09-47F8-B5B1-709F3735BCAA}.Release|iPhoneSimulator.ActiveCfg = Release|iPhoneSimulator
		{8442E945-BD09-47F8-B5B1-709F3735BCAA}.Release|iPhoneSimulator.Build.0 = Release|iPhoneSimulator
		{8442E945-BD09-47F8-B5B1-709F3735BCAA}.Release|x64.ActiveCfg = Release|iPhoneSimulator
		{8442E945-BD09-47F8-B5B1-709F3735BCAA}.Release|x86.ActiveCfg = Release|iPhoneSimulator
		{A5AF4F59-45D0-4C58-9E85-DEE44D4A7758}.Debug|Any CPU.ActiveCfg = Debug|Any CPU
		{A5AF4F59-45D0-4C58-9E85-DEE44D4A7758}.Debug|Any CPU.Build.0 = Debug|Any CPU
		{A5AF4F59-45D0-4C58-9E85-DEE44D4A7758}.Debug|ARM.ActiveCfg = Debug|Any CPU
		{A5AF4F59-45D0-4C58-9E85-DEE44D4A7758}.Debug|ARM.Build.0 = Debug|Any CPU
		{A5AF4F59-45D0-4C58-9E85-DEE44D4A7758}.Debug|iPhone.ActiveCfg = Debug|Any CPU
		{A5AF4F59-45D0-4C58-9E85-DEE44D4A7758}.Debug|iPhone.Build.0 = Debug|Any CPU
		{A5AF4F59-45D0-4C58-9E85-DEE44D4A7758}.Debug|iPhoneSimulator.ActiveCfg = Debug|Any CPU
		{A5AF4F59-45D0-4C58-9E85-DEE44D4A7758}.Debug|iPhoneSimulator.Build.0 = Debug|Any CPU
		{A5AF4F59-45D0-4C58-9E85-DEE44D4A7758}.Debug|x64.ActiveCfg = Debug|Any CPU
		{A5AF4F59-45D0-4C58-9E85-DEE44D4A7758}.Debug|x64.Build.0 = Debug|Any CPU
		{A5AF4F59-45D0-4C58-9E85-DEE44D4A7758}.Debug|x86.ActiveCfg = Debug|Any CPU
		{A5AF4F59-45D0-4C58-9E85-DEE44D4A7758}.Debug|x86.Build.0 = Debug|Any CPU
		{A5AF4F59-45D0-4C58-9E85-DEE44D4A7758}.Release|Any CPU.ActiveCfg = Release|Any CPU
		{A5AF4F59-45D0-4C58-9E85-DEE44D4A7758}.Release|Any CPU.Build.0 = Release|Any CPU
		{A5AF4F59-45D0-4C58-9E85-DEE44D4A7758}.Release|ARM.ActiveCfg = Release|Any CPU
		{A5AF4F59-45D0-4C58-9E85-DEE44D4A7758}.Release|ARM.Build.0 = Release|Any CPU
		{A5AF4F59-45D0-4C58-9E85-DEE44D4A7758}.Release|iPhone.ActiveCfg = Release|Any CPU
		{A5AF4F59-45D0-4C58-9E85-DEE44D4A7758}.Release|iPhone.Build.0 = Release|Any CPU
		{A5AF4F59-45D0-4C58-9E85-DEE44D4A7758}.Release|iPhoneSimulator.ActiveCfg = Release|Any CPU
		{A5AF4F59-45D0-4C58-9E85-DEE44D4A7758}.Release|iPhoneSimulator.Build.0 = Release|Any CPU
		{A5AF4F59-45D0-4C58-9E85-DEE44D4A7758}.Release|x64.ActiveCfg = Release|Any CPU
		{A5AF4F59-45D0-4C58-9E85-DEE44D4A7758}.Release|x64.Build.0 = Release|Any CPU
		{A5AF4F59-45D0-4C58-9E85-DEE44D4A7758}.Release|x86.ActiveCfg = Release|Any CPU
		{A5AF4F59-45D0-4C58-9E85-DEE44D4A7758}.Release|x86.Build.0 = Release|Any CPU
		{E24C66A7-F078-4875-8F90-D5AF05BEB9A1}.Debug|Any CPU.ActiveCfg = Debug|Any CPU
		{E24C66A7-F078-4875-8F90-D5AF05BEB9A1}.Debug|Any CPU.Build.0 = Debug|Any CPU
		{E24C66A7-F078-4875-8F90-D5AF05BEB9A1}.Debug|ARM.ActiveCfg = Debug|Any CPU
		{E24C66A7-F078-4875-8F90-D5AF05BEB9A1}.Debug|ARM.Build.0 = Debug|Any CPU
		{E24C66A7-F078-4875-8F90-D5AF05BEB9A1}.Debug|iPhone.ActiveCfg = Debug|Any CPU
		{E24C66A7-F078-4875-8F90-D5AF05BEB9A1}.Debug|iPhone.Build.0 = Debug|Any CPU
		{E24C66A7-F078-4875-8F90-D5AF05BEB9A1}.Debug|iPhoneSimulator.ActiveCfg = Debug|Any CPU
		{E24C66A7-F078-4875-8F90-D5AF05BEB9A1}.Debug|iPhoneSimulator.Build.0 = Debug|Any CPU
		{E24C66A7-F078-4875-8F90-D5AF05BEB9A1}.Debug|x64.ActiveCfg = Debug|Any CPU
		{E24C66A7-F078-4875-8F90-D5AF05BEB9A1}.Debug|x64.Build.0 = Debug|Any CPU
		{E24C66A7-F078-4875-8F90-D5AF05BEB9A1}.Debug|x86.ActiveCfg = Debug|Any CPU
		{E24C66A7-F078-4875-8F90-D5AF05BEB9A1}.Debug|x86.Build.0 = Debug|Any CPU
		{E24C66A7-F078-4875-8F90-D5AF05BEB9A1}.Release|Any CPU.ActiveCfg = Release|Any CPU
		{E24C66A7-F078-4875-8F90-D5AF05BEB9A1}.Release|Any CPU.Build.0 = Release|Any CPU
		{E24C66A7-F078-4875-8F90-D5AF05BEB9A1}.Release|ARM.ActiveCfg = Release|Any CPU
		{E24C66A7-F078-4875-8F90-D5AF05BEB9A1}.Release|ARM.Build.0 = Release|Any CPU
		{E24C66A7-F078-4875-8F90-D5AF05BEB9A1}.Release|iPhone.ActiveCfg = Release|Any CPU
		{E24C66A7-F078-4875-8F90-D5AF05BEB9A1}.Release|iPhone.Build.0 = Release|Any CPU
		{E24C66A7-F078-4875-8F90-D5AF05BEB9A1}.Release|iPhoneSimulator.ActiveCfg = Release|Any CPU
		{E24C66A7-F078-4875-8F90-D5AF05BEB9A1}.Release|iPhoneSimulator.Build.0 = Release|Any CPU
		{E24C66A7-F078-4875-8F90-D5AF05BEB9A1}.Release|x64.ActiveCfg = Release|Any CPU
		{E24C66A7-F078-4875-8F90-D5AF05BEB9A1}.Release|x64.Build.0 = Release|Any CPU
		{E24C66A7-F078-4875-8F90-D5AF05BEB9A1}.Release|x86.ActiveCfg = Release|Any CPU
		{E24C66A7-F078-4875-8F90-D5AF05BEB9A1}.Release|x86.Build.0 = Release|Any CPU
	EndGlobalSection
	GlobalSection(SolutionProperties) = preSolution
		HideSolutionNode = FALSE
	EndGlobalSection
	GlobalSection(NestedProjects) = preSolution
		{11421110-4D97-4205-BC31-F420A452B00B} = {AF0A2724-F25D-49F1-96B4-467D04ADFDB5}
		{B4D65D61-086E-4F60-9A2C-651162DE1C7E} = {12DA0440-DC37-40CC-829A-F292C3D8AB13}
		{08758913-4825-4EB5-A583-EA7933ED52A3} = {12DA0440-DC37-40CC-829A-F292C3D8AB13}
		{8442E945-BD09-47F8-B5B1-709F3735BCAA} = {12DA0440-DC37-40CC-829A-F292C3D8AB13}
		{A5AF4F59-45D0-4C58-9E85-DEE44D4A7758} = {12DA0440-DC37-40CC-829A-F292C3D8AB13}
		{E24C66A7-F078-4875-8F90-D5AF05BEB9A1} = {F6BAAB3A-AD00-4A97-B6D9-BB4E79AB609B}
	EndGlobalSection
	GlobalSection(ExtensibilityGlobals) = postSolution
		SolutionGuid = {B5CECC50-C5CB-499C-8738-546EEA36342F}
	EndGlobalSection
EndGlobal
