
Microsoft Visual Studio Solution File, Format Version 12.00
# Visual Studio Version 16
VisualStudioVersion = 16.0.31624.102
MinimumVisualStudioVersion = 10.0.40219.1
Project("{2150E333-8FDC-42A3-9474-1A3956D46DE8}") = "Api", "Api", "{AF0A2724-F25D-49F1-96B4-467D04ADFDB5}"
EndProject
Project("{2150E333-8FDC-42A3-9474-1A3956D46DE8}") = "App", "App", "{12DA0440-DC37-40CC-829A-F292C3D8AB13}"
EndProject
Project("{9A19103F-16F7-4668-BE54-9A1E7A4F7556}") = "JobSearchAPI", "JobSearchAPI\JobSearchAPI.csproj", "{11421110-4D97-4205-BC31-F420A452B00B}"
EndProject
Project("{2150E333-8FDC-42A3-9474-1A3956D46DE8}") = "Domain", "Domain", "{F6BAAB3A-AD00-4A97-B6D9-BB4E79AB609B}"
EndProject
Project("{FAE04EC0-301F-11D3-BF4B-00C04F79EFBC}") = "JobSearchDomain", "JobSearchDomain\JobSearchDomain.csproj", "{E0460F09-1854-4E02-B783-A875E131831F}"
EndProject
Project("{FAE04EC0-301F-11D3-BF4B-00C04F79EFBC}") = "JobApp.Android", "JobApp\JobApp.Android\JobApp.Android.csproj", "{2AF06A62-59E9-474F-B7A8-D424CC6A8060}"
EndProject
Project("{FAE04EC0-301F-11D3-BF4B-00C04F79EFBC}") = "JobApp.iOS", "JobApp\JobApp.iOS\JobApp.iOS.csproj", "{95AEDA04-5843-44A0-B6F9-5B6BEDCFA12E}"
EndProject
Project("{FAE04EC0-301F-11D3-BF4B-00C04F79EFBC}") = "JobApp", "JobApp\JobApp\JobApp.csproj", "{51A84A26-E217-4E52-862A-D4EEE4872B07}"
EndProject
Global
	GlobalSection(SolutionConfigurationPlatforms) = preSolution
		Debug|Any CPU = Debug|Any CPU
		Debug|ARM = Debug|ARM
		Debug|iPhone = Debug|iPhone
		Debug|iPhoneSimulator = Debug|iPhoneSimulator
		Debug|x64 = Debug|x64
		Debug|x86 = Debug|x86
		Release|Any CPU = Release|Any CPU
		Release|ARM = Release|ARM
		Release|iPhone = Release|iPhone
		Release|iPhoneSimulator = Release|iPhoneSimulator
		Release|x64 = Release|x64
		Release|x86 = Release|x86
	EndGlobalSection
	GlobalSection(ProjectConfigurationPlatforms) = postSolution
		{11421110-4D97-4205-BC31-F420A452B00B}.Debug|Any CPU.ActiveCfg = Debug|Any CPU
		{11421110-4D97-4205-BC31-F420A452B00B}.Debug|Any CPU.Build.0 = Debug|Any CPU
		{11421110-4D97-4205-BC31-F420A452B00B}.Debug|ARM.ActiveCfg = Debug|Any CPU
		{11421110-4D97-4205-BC31-F420A452B00B}.Debug|ARM.Build.0 = Debug|Any CPU
		{11421110-4D97-4205-BC31-F420A452B00B}.Debug|iPhone.ActiveCfg = Debug|Any CPU
		{11421110-4D97-4205-BC31-F420A452B00B}.Debug|iPhone.Build.0 = Debug|Any CPU
		{11421110-4D97-4205-BC31-F420A452B00B}.Debug|iPhoneSimulator.ActiveCfg = Debug|Any CPU
		{11421110-4D97-4205-BC31-F420A452B00B}.Debug|iPhoneSimulator.Build.0 = Debug|Any CPU
		{11421110-4D97-4205-BC31-F420A452B00B}.Debug|x64.ActiveCfg = Debug|Any CPU
		{11421110-4D97-4205-BC31-F420A452B00B}.Debug|x64.Build.0 = Debug|Any CPU
		{11421110-4D97-4205-BC31-F420A452B00B}.Debug|x86.ActiveCfg = Debug|Any CPU
		{11421110-4D97-4205-BC31-F420A452B00B}.Debug|x86.Build.0 = Debug|Any CPU
		{11421110-4D97-4205-BC31-F420A452B00B}.Release|Any CPU.ActiveCfg = Release|Any CPU
		{11421110-4D97-4205-BC31-F420A452B00B}.Release|Any CPU.Build.0 = Release|Any CPU
		{11421110-4D97-4205-BC31-F420A452B00B}.Release|ARM.ActiveCfg = Release|Any CPU
		{11421110-4D97-4205-BC31-F420A452B00B}.Release|ARM.Build.0 = Release|Any CPU
		{11421110-4D97-4205-BC31-F420A452B00B}.Release|iPhone.ActiveCfg = Release|Any CPU
		{11421110-4D97-4205-BC31-F420A452B00B}.Release|iPhone.Build.0 = Release|Any CPU
		{11421110-4D97-4205-BC31-F420A452B00B}.Release|iPhoneSimulator.ActiveCfg = Release|Any CPU
		{11421110-4D97-4205-BC31-F420A452B00B}.Release|iPhoneSimulator.Build.0 = Release|Any CPU
		{11421110-4D97-4205-BC31-F420A452B00B}.Release|x64.ActiveCfg = Release|Any CPU
		{11421110-4D97-4205-BC31-F420A452B00B}.Release|x64.Build.0 = Release|Any CPU
		{11421110-4D97-4205-BC31-F420A452B00B}.Release|x86.ActiveCfg = Release|Any CPU
		{11421110-4D97-4205-BC31-F420A452B00B}.Release|x86.Build.0 = Release|Any CPU
		{E0460F09-1854-4E02-B783-A875E131831F}.Debug|Any CPU.ActiveCfg = Debug|Any CPU
		{E0460F09-1854-4E02-B783-A875E131831F}.Debug|Any CPU.Build.0 = Debug|Any CPU
		{E0460F09-1854-4E02-B783-A875E131831F}.Debug|ARM.ActiveCfg = Debug|Any CPU
		{E0460F09-1854-4E02-B783-A875E131831F}.Debug|ARM.Build.0 = Debug|Any CPU
		{E0460F09-1854-4E02-B783-A875E131831F}.Debug|iPhone.ActiveCfg = Debug|Any CPU
		{E0460F09-1854-4E02-B783-A875E131831F}.Debug|iPhone.Build.0 = Debug|Any CPU
		{E0460F09-1854-4E02-B783-A875E131831F}.Debug|iPhoneSimulator.ActiveCfg = Debug|Any CPU
		{E0460F09-1854-4E02-B783-A875E131831F}.Debug|iPhoneSimulator.Build.0 = Debug|Any CPU
		{E0460F09-1854-4E02-B783-A875E131831F}.Debug|x64.ActiveCfg = Debug|Any CPU
		{E0460F09-1854-4E02-B783-A875E131831F}.Debug|x64.Build.0 = Debug|Any CPU
		{E0460F09-1854-4E02-B783-A875E131831F}.Debug|x86.ActiveCfg = Debug|Any CPU
		{E0460F09-1854-4E02-B783-A875E131831F}.Debug|x86.Build.0 = Debug|Any CPU
		{E0460F09-1854-4E02-B783-A875E131831F}.Release|Any CPU.ActiveCfg = Release|Any CPU
		{E0460F09-1854-4E02-B783-A875E131831F}.Release|Any CPU.Build.0 = Release|Any CPU
		{E0460F09-1854-4E02-B783-A875E131831F}.Release|ARM.ActiveCfg = Release|Any CPU
		{E0460F09-1854-4E02-B783-A875E131831F}.Release|ARM.Build.0 = Release|Any CPU
		{E0460F09-1854-4E02-B783-A875E131831F}.Release|iPhone.ActiveCfg = Release|Any CPU
		{E0460F09-1854-4E02-B783-A875E131831F}.Release|iPhone.Build.0 = Release|Any CPU
		{E0460F09-1854-4E02-B783-A875E131831F}.Release|iPhoneSimulator.ActiveCfg = Release|Any CPU
		{E0460F09-1854-4E02-B783-A875E131831F}.Release|iPhoneSimulator.Build.0 = Release|Any CPU
		{E0460F09-1854-4E02-B783-A875E131831F}.Release|x64.ActiveCfg = Release|Any CPU
		{E0460F09-1854-4E02-B783-A875E131831F}.Release|x64.Build.0 = Release|Any CPU
		{E0460F09-1854-4E02-B783-A875E131831F}.Release|x86.ActiveCfg = Release|Any CPU
		{E0460F09-1854-4E02-B783-A875E131831F}.Release|x86.Build.0 = Release|Any CPU
		{2AF06A62-59E9-474F-B7A8-D424CC6A8060}.Debug|Any CPU.ActiveCfg = Debug|Any CPU
		{2AF06A62-59E9-474F-B7A8-D424CC6A8060}.Debug|Any CPU.Build.0 = Debug|Any CPU
		{2AF06A62-59E9-474F-B7A8-D424CC6A8060}.Debug|Any CPU.Deploy.0 = Debug|Any CPU
		{2AF06A62-59E9-474F-B7A8-D424CC6A8060}.Debug|ARM.ActiveCfg = Debug|Any CPU
		{2AF06A62-59E9-474F-B7A8-D424CC6A8060}.Debug|ARM.Build.0 = Debug|Any CPU
		{2AF06A62-59E9-474F-B7A8-D424CC6A8060}.Debug|ARM.Deploy.0 = Debug|Any CPU
		{2AF06A62-59E9-474F-B7A8-D424CC6A8060}.Debug|iPhone.ActiveCfg = Debug|Any CPU
		{2AF06A62-59E9-474F-B7A8-D424CC6A8060}.Debug|iPhone.Build.0 = Debug|Any CPU
		{2AF06A62-59E9-474F-B7A8-D424CC6A8060}.Debug|iPhone.Deploy.0 = Debug|Any CPU
		{2AF06A62-59E9-474F-B7A8-D424CC6A8060}.Debug|iPhoneSimulator.ActiveCfg = Debug|Any CPU
		{2AF06A62-59E9-474F-B7A8-D424CC6A8060}.Debug|iPhoneSimulator.Build.0 = Debug|Any CPU
		{2AF06A62-59E9-474F-B7A8-D424CC6A8060}.Debug|iPhoneSimulator.Deploy.0 = Debug|Any CPU
		{2AF06A62-59E9-474F-B7A8-D424CC6A8060}.Debug|x64.ActiveCfg = Debug|Any CPU
		{2AF06A62-59E9-474F-B7A8-D424CC6A8060}.Debug|x64.Build.0 = Debug|Any CPU
		{2AF06A62-59E9-474F-B7A8-D424CC6A8060}.Debug|x64.Deploy.0 = Debug|Any CPU
		{2AF06A62-59E9-474F-B7A8-D424CC6A8060}.Debug|x86.ActiveCfg = Debug|Any CPU
		{2AF06A62-59E9-474F-B7A8-D424CC6A8060}.Debug|x86.Build.0 = Debug|Any CPU
		{2AF06A62-59E9-474F-B7A8-D424CC6A8060}.Debug|x86.Deploy.0 = Debug|Any CPU
		{2AF06A62-59E9-474F-B7A8-D424CC6A8060}.Release|Any CPU.ActiveCfg = Release|Any CPU
		{2AF06A62-59E9-474F-B7A8-D424CC6A8060}.Release|Any CPU.Build.0 = Release|Any CPU
		{2AF06A62-59E9-474F-B7A8-D424CC6A8060}.Release|Any CPU.Deploy.0 = Release|Any CPU
		{2AF06A62-59E9-474F-B7A8-D424CC6A8060}.Release|ARM.ActiveCfg = Release|Any CPU
		{2AF06A62-59E9-474F-B7A8-D424CC6A8060}.Release|ARM.Build.0 = Release|Any CPU
		{2AF06A62-59E9-474F-B7A8-D424CC6A8060}.Release|ARM.Deploy.0 = Release|Any CPU
		{2AF06A62-59E9-474F-B7A8-D424CC6A8060}.Release|iPhone.ActiveCfg = Release|Any CPU
		{2AF06A62-59E9-474F-B7A8-D424CC6A8060}.Release|iPhone.Build.0 = Release|Any CPU
		{2AF06A62-59E9-474F-B7A8-D424CC6A8060}.Release|iPhone.Deploy.0 = Release|Any CPU
		{2AF06A62-59E9-474F-B7A8-D424CC6A8060}.Release|iPhoneSimulator.ActiveCfg = Release|Any CPU
		{2AF06A62-59E9-474F-B7A8-D424CC6A8060}.Release|iPhoneSimulator.Build.0 = Release|Any CPU
		{2AF06A62-59E9-474F-B7A8-D424CC6A8060}.Release|iPhoneSimulator.Deploy.0 = Release|Any CPU
		{2AF06A62-59E9-474F-B7A8-D424CC6A8060}.Release|x64.ActiveCfg = Release|Any CPU
		{2AF06A62-59E9-474F-B7A8-D424CC6A8060}.Release|x64.Build.0 = Release|Any CPU
		{2AF06A62-59E9-474F-B7A8-D424CC6A8060}.Release|x64.Deploy.0 = Release|Any CPU
		{2AF06A62-59E9-474F-B7A8-D424CC6A8060}.Release|x86.ActiveCfg = Release|Any CPU
		{2AF06A62-59E9-474F-B7A8-D424CC6A8060}.Release|x86.Build.0 = Release|Any CPU
		{2AF06A62-59E9-474F-B7A8-D424CC6A8060}.Release|x86.Deploy.0 = Release|Any CPU
		{95AEDA04-5843-44A0-B6F9-5B6BEDCFA12E}.Debug|Any CPU.ActiveCfg = Debug|iPhoneSimulator
		{95AEDA04-5843-44A0-B6F9-5B6BEDCFA12E}.Debug|ARM.ActiveCfg = Debug|iPhoneSimulator
		{95AEDA04-5843-44A0-B6F9-5B6BEDCFA12E}.Debug|iPhone.ActiveCfg = Debug|iPhone
		{95AEDA04-5843-44A0-B6F9-5B6BEDCFA12E}.Debug|iPhone.Build.0 = Debug|iPhone
		{95AEDA04-5843-44A0-B6F9-5B6BEDCFA12E}.Debug|iPhoneSimulator.ActiveCfg = Debug|iPhoneSimulator
		{95AEDA04-5843-44A0-B6F9-5B6BEDCFA12E}.Debug|iPhoneSimulator.Build.0 = Debug|iPhoneSimulator
		{95AEDA04-5843-44A0-B6F9-5B6BEDCFA12E}.Debug|x64.ActiveCfg = Debug|iPhoneSimulator
		{95AEDA04-5843-44A0-B6F9-5B6BEDCFA12E}.Debug|x86.ActiveCfg = Debug|iPhoneSimulator
		{95AEDA04-5843-44A0-B6F9-5B6BEDCFA12E}.Release|Any CPU.ActiveCfg = Release|iPhoneSimulator
		{95AEDA04-5843-44A0-B6F9-5B6BEDCFA12E}.Release|ARM.ActiveCfg = Release|iPhoneSimulator
		{95AEDA04-5843-44A0-B6F9-5B6BEDCFA12E}.Release|iPhone.ActiveCfg = Release|iPhone
		{95AEDA04-5843-44A0-B6F9-5B6BEDCFA12E}.Release|iPhone.Build.0 = Release|iPhone
		{95AEDA04-5843-44A0-B6F9-5B6BEDCFA12E}.Release|iPhoneSimulator.ActiveCfg = Release|iPhoneSimulator
		{95AEDA04-5843-44A0-B6F9-5B6BEDCFA12E}.Release|iPhoneSimulator.Build.0 = Release|iPhoneSimulator
		{95AEDA04-5843-44A0-B6F9-5B6BEDCFA12E}.Release|x64.ActiveCfg = Release|iPhoneSimulator
		{95AEDA04-5843-44A0-B6F9-5B6BEDCFA12E}.Release|x86.ActiveCfg = Release|iPhoneSimulator
		{51A84A26-E217-4E52-862A-D4EEE4872B07}.Debug|Any CPU.ActiveCfg = Debug|Any CPU
		{51A84A26-E217-4E52-862A-D4EEE4872B07}.Debug|Any CPU.Build.0 = Debug|Any CPU
		{51A84A26-E217-4E52-862A-D4EEE4872B07}.Debug|ARM.ActiveCfg = Debug|Any CPU
		{51A84A26-E217-4E52-862A-D4EEE4872B07}.Debug|ARM.Build.0 = Debug|Any CPU
		{51A84A26-E217-4E52-862A-D4EEE4872B07}.Debug|iPhone.ActiveCfg = Debug|Any CPU
		{51A84A26-E217-4E52-862A-D4EEE4872B07}.Debug|iPhone.Build.0 = Debug|Any CPU
		{51A84A26-E217-4E52-862A-D4EEE4872B07}.Debug|iPhoneSimulator.ActiveCfg = Debug|Any CPU
		{51A84A26-E217-4E52-862A-D4EEE4872B07}.Debug|iPhoneSimulator.Build.0 = Debug|Any CPU
		{51A84A26-E217-4E52-862A-D4EEE4872B07}.Debug|x64.ActiveCfg = Debug|Any CPU
		{51A84A26-E217-4E52-862A-D4EEE4872B07}.Debug|x64.Build.0 = Debug|Any CPU
		{51A84A26-E217-4E52-862A-D4EEE4872B07}.Debug|x86.ActiveCfg = Debug|Any CPU
		{51A84A26-E217-4E52-862A-D4EEE4872B07}.Debug|x86.Build.0 = Debug|Any CPU
		{51A84A26-E217-4E52-862A-D4EEE4872B07}.Release|Any CPU.ActiveCfg = Release|Any CPU
		{51A84A26-E217-4E52-862A-D4EEE4872B07}.Release|Any CPU.Build.0 = Release|Any CPU
		{51A84A26-E217-4E52-862A-D4EEE4872B07}.Release|ARM.ActiveCfg = Release|Any CPU
		{51A84A26-E217-4E52-862A-D4EEE4872B07}.Release|ARM.Build.0 = Release|Any CPU
		{51A84A26-E217-4E52-862A-D4EEE4872B07}.Release|iPhone.ActiveCfg = Release|Any CPU
		{51A84A26-E217-4E52-862A-D4EEE4872B07}.Release|iPhone.Build.0 = Release|Any CPU
		{51A84A26-E217-4E52-862A-D4EEE4872B07}.Release|iPhoneSimulator.ActiveCfg = Release|Any CPU
		{51A84A26-E217-4E52-862A-D4EEE4872B07}.Release|iPhoneSimulator.Build.0 = Release|Any CPU
		{51A84A26-E217-4E52-862A-D4EEE4872B07}.Release|x64.ActiveCfg = Release|Any CPU
		{51A84A26-E217-4E52-862A-D4EEE4872B07}.Release|x64.Build.0 = Release|Any CPU
		{51A84A26-E217-4E52-862A-D4EEE4872B07}.Release|x86.ActiveCfg = Release|Any CPU
		{51A84A26-E217-4E52-862A-D4EEE4872B07}.Release|x86.Build.0 = Release|Any CPU
	EndGlobalSection
	GlobalSection(SolutionProperties) = preSolution
		HideSolutionNode = FALSE
	EndGlobalSection
	GlobalSection(NestedProjects) = preSolution
		{11421110-4D97-4205-BC31-F420A452B00B} = {AF0A2724-F25D-49F1-96B4-467D04ADFDB5}
		{E0460F09-1854-4E02-B783-A875E131831F} = {F6BAAB3A-AD00-4A97-B6D9-BB4E79AB609B}
		{2AF06A62-59E9-474F-B7A8-D424CC6A8060} = {12DA0440-DC37-40CC-829A-F292C3D8AB13}
		{95AEDA04-5843-44A0-B6F9-5B6BEDCFA12E} = {12DA0440-DC37-40CC-829A-F292C3D8AB13}
		{51A84A26-E217-4E52-862A-D4EEE4872B07} = {12DA0440-DC37-40CC-829A-F292C3D8AB13}
	EndGlobalSection
	GlobalSection(ExtensibilityGlobals) = postSolution
		SolutionGuid = {B5CECC50-C5CB-499C-8738-546EEA36342F}
	EndGlobalSection
EndGlobal
